// !$*UTF8*$!
{
	archiveVersion = 1;
	classes = {
	};
	objectVersion = 46;
	objects = {

/* Begin PBXBuildFile section */
		A15A09D71DE5E24B00521CF1 /* AppDelegate.swift in Sources */ = {isa = PBXBuildFile; fileRef = A15A09D61DE5E24B00521CF1 /* AppDelegate.swift */; };
		A15A09D91DE5E24B00521CF1 /* ViewController.swift in Sources */ = {isa = PBXBuildFile; fileRef = A15A09D81DE5E24B00521CF1 /* ViewController.swift */; };
		A15A09DC1DE5E24B00521CF1 /* Main.storyboard in Resources */ = {isa = PBXBuildFile; fileRef = A15A09DA1DE5E24B00521CF1 /* Main.storyboard */; };
		A15A09DE1DE5E24B00521CF1 /* Assets.xcassets in Resources */ = {isa = PBXBuildFile; fileRef = A15A09DD1DE5E24B00521CF1 /* Assets.xcassets */; };
		A15A09E11DE5E24B00521CF1 /* LaunchScreen.storyboard in Resources */ = {isa = PBXBuildFile; fileRef = A15A09DF1DE5E24B00521CF1 /* LaunchScreen.storyboard */; };
		A15A09EC1DE5E24B00521CF1 /* PokemonGoGPSTests.swift in Sources */ = {isa = PBXBuildFile; fileRef = A15A09EB1DE5E24B00521CF1 /* PokemonGoGPSTests.swift */; };
		A15A09F71DE5E24B00521CF1 /* PokemonGoGPSUITests.swift in Sources */ = {isa = PBXBuildFile; fileRef = A15A09F61DE5E24B00521CF1 /* PokemonGoGPSUITests.swift */; };
		A15A0A051DE5E42F00521CF1 /* nanliao.fast2.gpx in Resources */ = {isa = PBXBuildFile; fileRef = A15A0A041DE5E42F00521CF1 /* nanliao.fast2.gpx */; };
		A15A0A131DE5FA3800521CF1 /* nl-gym0.gpx in Resources */ = {isa = PBXBuildFile; fileRef = A15A0A061DE5FA3800521CF1 /* nl-gym0.gpx */; };
		A15A0A141DE5FA3800521CF1 /* nl-gym1.gpx in Resources */ = {isa = PBXBuildFile; fileRef = A15A0A071DE5FA3800521CF1 /* nl-gym1.gpx */; };
		A15A0A151DE5FA3800521CF1 /* nl-gym2-1.gpx in Resources */ = {isa = PBXBuildFile; fileRef = A15A0A081DE5FA3800521CF1 /* nl-gym2-1.gpx */; };
		A15A0A161DE5FA3800521CF1 /* nl-gym2.gpx in Resources */ = {isa = PBXBuildFile; fileRef = A15A0A091DE5FA3800521CF1 /* nl-gym2.gpx */; };
		A15A0A171DE5FA3800521CF1 /* nl-gym3-1.gpx in Resources */ = {isa = PBXBuildFile; fileRef = A15A0A0A1DE5FA3800521CF1 /* nl-gym3-1.gpx */; };
		A15A0A181DE5FA3800521CF1 /* nl-gym3.gpx in Resources */ = {isa = PBXBuildFile; fileRef = A15A0A0B1DE5FA3800521CF1 /* nl-gym3.gpx */; };
		A15A0A191DE5FA3800521CF1 /* nl-gym4-1.gpx in Resources */ = {isa = PBXBuildFile; fileRef = A15A0A0C1DE5FA3800521CF1 /* nl-gym4-1.gpx */; };
		A15A0A1A1DE5FA3800521CF1 /* nl-gym4-2.gpx in Resources */ = {isa = PBXBuildFile; fileRef = A15A0A0D1DE5FA3800521CF1 /* nl-gym4-2.gpx */; };
		A15A0A1B1DE5FA3800521CF1 /* nl-gym4.gpx in Resources */ = {isa = PBXBuildFile; fileRef = A15A0A0E1DE5FA3800521CF1 /* nl-gym4.gpx */; };
		A15A0A1C1DE5FA3800521CF1 /* nl-gym5.gpx in Resources */ = {isa = PBXBuildFile; fileRef = A15A0A0F1DE5FA3800521CF1 /* nl-gym5.gpx */; };
		A15A0A1D1DE5FA3800521CF1 /* nl-gym6.gpx in Resources */ = {isa = PBXBuildFile; fileRef = A15A0A101DE5FA3800521CF1 /* nl-gym6.gpx */; };
		A15A0A1E1DE5FA3800521CF1 /* nl-gymf-1.gpx in Resources */ = {isa = PBXBuildFile; fileRef = A15A0A111DE5FA3800521CF1 /* nl-gymf-1.gpx */; };
		A15A0A1F1DE5FA3800521CF1 /* nl-gymf.gpx in Resources */ = {isa = PBXBuildFile; fileRef = A15A0A121DE5FA3800521CF1 /* nl-gymf.gpx */; };
		A15A0A221DE73C6500521CF1 /* gps.gpx in Resources */ = {isa = PBXBuildFile; fileRef = A15A0A201DE73C6500521CF1 /* gps.gpx */; };
		A15A0A231DE73C6500521CF1 /* scan.gpx in Resources */ = {isa = PBXBuildFile; fileRef = A15A0A211DE73C6500521CF1 /* scan.gpx */; };
		A1E0E2CE1F0AA8170074C966 /* move.gpx in Resources */ = {isa = PBXBuildFile; fileRef = A1E0E2CD1F0AA8170074C966 /* move.gpx */; };
		A1E0E2D01F1256010074C966 /* chubei.gpx in Resources */ = {isa = PBXBuildFile; fileRef = A1E0E2CF1F1256010074C966 /* chubei.gpx */; };
/* End PBXBuildFile section */

/* Begin PBXContainerItemProxy section */
		A15A09E81DE5E24B00521CF1 /* PBXContainerItemProxy */ = {
			isa = PBXContainerItemProxy;
			containerPortal = A15A09CB1DE5E24B00521CF1 /* Project object */;
			proxyType = 1;
			remoteGlobalIDString = A15A09D21DE5E24B00521CF1;
			remoteInfo = PokemonGoGPS;
		};
		A15A09F31DE5E24B00521CF1 /* PBXContainerItemProxy */ = {
			isa = PBXContainerItemProxy;
			containerPortal = A15A09CB1DE5E24B00521CF1 /* Project object */;
			proxyType = 1;
			remoteGlobalIDString = A15A09D21DE5E24B00521CF1;
			remoteInfo = PokemonGoGPS;
		};
/* End PBXContainerItemProxy section */

/* Begin PBXFileReference section */
		A15A09D31DE5E24B00521CF1 /* PokemonGoGPS.app */ = {isa = PBXFileReference; explicitFileType = wrapper.application; includeInIndex = 0; path = PokemonGoGPS.app; sourceTree = BUILT_PRODUCTS_DIR; };
		A15A09D61DE5E24B00521CF1 /* AppDelegate.swift */ = {isa = PBXFileReference; lastKnownFileType = sourcecode.swift; path = AppDelegate.swift; sourceTree = "<group>"; };
		A15A09D81DE5E24B00521CF1 /* ViewController.swift */ = {isa = PBXFileReference; lastKnownFileType = sourcecode.swift; path = ViewController.swift; sourceTree = "<group>"; };
		A15A09DB1DE5E24B00521CF1 /* Base */ = {isa = PBXFileReference; lastKnownFileType = file.storyboard; name = Base; path = Base.lproj/Main.storyboard; sourceTree = "<group>"; };
		A15A09DD1DE5E24B00521CF1 /* Assets.xcassets */ = {isa = PBXFileReference; lastKnownFileType = folder.assetcatalog; path = Assets.xcassets; sourceTree = "<group>"; };
		A15A09E01DE5E24B00521CF1 /* Base */ = {isa = PBXFileReference; lastKnownFileType = file.storyboard; name = Base; path = Base.lproj/LaunchScreen.storyboard; sourceTree = "<group>"; };
		A15A09E21DE5E24B00521CF1 /* Info.plist */ = {isa = PBXFileReference; lastKnownFileType = text.plist.xml; path = Info.plist; sourceTree = "<group>"; };
		A15A09E71DE5E24B00521CF1 /* PokemonGoGPSTests.xctest */ = {isa = PBXFileReference; explicitFileType = wrapper.cfbundle; includeInIndex = 0; path = PokemonGoGPSTests.xctest; sourceTree = BUILT_PRODUCTS_DIR; };
		A15A09EB1DE5E24B00521CF1 /* PokemonGoGPSTests.swift */ = {isa = PBXFileReference; lastKnownFileType = sourcecode.swift; path = PokemonGoGPSTests.swift; sourceTree = "<group>"; };
		A15A09ED1DE5E24B00521CF1 /* Info.plist */ = {isa = PBXFileReference; lastKnownFileType = text.plist.xml; path = Info.plist; sourceTree = "<group>"; };
		A15A09F21DE5E24B00521CF1 /* PokemonGoGPSUITests.xctest */ = {isa = PBXFileReference; explicitFileType = wrapper.cfbundle; includeInIndex = 0; path = PokemonGoGPSUITests.xctest; sourceTree = BUILT_PRODUCTS_DIR; };
		A15A09F61DE5E24B00521CF1 /* PokemonGoGPSUITests.swift */ = {isa = PBXFileReference; lastKnownFileType = sourcecode.swift; path = PokemonGoGPSUITests.swift; sourceTree = "<group>"; };
		A15A09F81DE5E24B00521CF1 /* Info.plist */ = {isa = PBXFileReference; lastKnownFileType = text.plist.xml; path = Info.plist; sourceTree = "<group>"; };
		A15A0A041DE5E42F00521CF1 /* nanliao.fast2.gpx */ = {isa = PBXFileReference; fileEncoding = 4; lastKnownFileType = text.xml; path = nanliao.fast2.gpx; sourceTree = "<group>"; };
		A15A0A061DE5FA3800521CF1 /* nl-gym0.gpx */ = {isa = PBXFileReference; fileEncoding = 4; lastKnownFileType = text.xml; path = "nl-gym0.gpx"; sourceTree = "<group>"; };
		A15A0A071DE5FA3800521CF1 /* nl-gym1.gpx */ = {isa = PBXFileReference; fileEncoding = 4; lastKnownFileType = text.xml; path = "nl-gym1.gpx"; sourceTree = "<group>"; };
		A15A0A081DE5FA3800521CF1 /* nl-gym2-1.gpx */ = {isa = PBXFileReference; fileEncoding = 4; lastKnownFileType = text.xml; path = "nl-gym2-1.gpx"; sourceTree = "<group>"; };
		A15A0A091DE5FA3800521CF1 /* nl-gym2.gpx */ = {isa = PBXFileReference; fileEncoding = 4; lastKnownFileType = text.xml; path = "nl-gym2.gpx"; sourceTree = "<group>"; };
		A15A0A0A1DE5FA3800521CF1 /* nl-gym3-1.gpx */ = {isa = PBXFileReference; fileEncoding = 4; lastKnownFileType = text.xml; path = "nl-gym3-1.gpx"; sourceTree = "<group>"; };
		A15A0A0B1DE5FA3800521CF1 /* nl-gym3.gpx */ = {isa = PBXFileReference; fileEncoding = 4; lastKnownFileType = text.xml; path = "nl-gym3.gpx"; sourceTree = "<group>"; };
		A15A0A0C1DE5FA3800521CF1 /* nl-gym4-1.gpx */ = {isa = PBXFileReference; fileEncoding = 4; lastKnownFileType = text.xml; path = "nl-gym4-1.gpx"; sourceTree = "<group>"; };
		A15A0A0D1DE5FA3800521CF1 /* nl-gym4-2.gpx */ = {isa = PBXFileReference; fileEncoding = 4; lastKnownFileType = text.xml; path = "nl-gym4-2.gpx"; sourceTree = "<group>"; };
		A15A0A0E1DE5FA3800521CF1 /* nl-gym4.gpx */ = {isa = PBXFileReference; fileEncoding = 4; lastKnownFileType = text.xml; path = "nl-gym4.gpx"; sourceTree = "<group>"; };
		A15A0A0F1DE5FA3800521CF1 /* nl-gym5.gpx */ = {isa = PBXFileReference; fileEncoding = 4; lastKnownFileType = text.xml; path = "nl-gym5.gpx"; sourceTree = "<group>"; };
		A15A0A101DE5FA3800521CF1 /* nl-gym6.gpx */ = {isa = PBXFileReference; fileEncoding = 4; lastKnownFileType = text.xml; path = "nl-gym6.gpx"; sourceTree = "<group>"; };
		A15A0A111DE5FA3800521CF1 /* nl-gymf-1.gpx */ = {isa = PBXFileReference; fileEncoding = 4; lastKnownFileType = text.xml; path = "nl-gymf-1.gpx"; sourceTree = "<group>"; };
		A15A0A121DE5FA3800521CF1 /* nl-gymf.gpx */ = {isa = PBXFileReference; fileEncoding = 4; lastKnownFileType = text.xml; path = "nl-gymf.gpx"; sourceTree = "<group>"; };
		A15A0A201DE73C6500521CF1 /* gps.gpx */ = {isa = PBXFileReference; fileEncoding = 4; lastKnownFileType = text.xml; path = gps.gpx; sourceTree = "<group>"; };
		A15A0A211DE73C6500521CF1 /* scan.gpx */ = {isa = PBXFileReference; fileEncoding = 4; lastKnownFileType = text.xml; path = scan.gpx; sourceTree = "<group>"; };
		A1E0E2CD1F0AA8170074C966 /* move.gpx */ = {isa = PBXFileReference; fileEncoding = 4; lastKnownFileType = text.xml; path = move.gpx; sourceTree = "<group>"; };
		A1E0E2CF1F1256010074C966 /* chubei.gpx */ = {isa = PBXFileReference; fileEncoding = 4; lastKnownFileType = text; path = chubei.gpx; sourceTree = "<group>"; };
/* End PBXFileReference section */

/* Begin PBXFrameworksBuildPhase section */
		A15A09D01DE5E24B00521CF1 /* Frameworks */ = {
			isa = PBXFrameworksBuildPhase;
			buildActionMask = 2147483647;
			files = (
			);
			runOnlyForDeploymentPostprocessing = 0;
		};
		A15A09E41DE5E24B00521CF1 /* Frameworks */ = {
			isa = PBXFrameworksBuildPhase;
			buildActionMask = 2147483647;
			files = (
			);
			runOnlyForDeploymentPostprocessing = 0;
		};
		A15A09EF1DE5E24B00521CF1 /* Frameworks */ = {
			isa = PBXFrameworksBuildPhase;
			buildActionMask = 2147483647;
			files = (
			);
			runOnlyForDeploymentPostprocessing = 0;
		};
/* End PBXFrameworksBuildPhase section */

/* Begin PBXGroup section */
		A15A09CA1DE5E24B00521CF1 = {
			isa = PBXGroup;
			children = (
				A1E0E2CF1F1256010074C966 /* chubei.gpx */,
				A1E0E2CD1F0AA8170074C966 /* move.gpx */,
				A15A0A201DE73C6500521CF1 /* gps.gpx */,
				A15A0A211DE73C6500521CF1 /* scan.gpx */,
				A15A0A061DE5FA3800521CF1 /* nl-gym0.gpx */,
				A15A0A071DE5FA3800521CF1 /* nl-gym1.gpx */,
				A15A0A081DE5FA3800521CF1 /* nl-gym2-1.gpx */,
				A15A0A091DE5FA3800521CF1 /* nl-gym2.gpx */,
				A15A0A0A1DE5FA3800521CF1 /* nl-gym3-1.gpx */,
				A15A0A0B1DE5FA3800521CF1 /* nl-gym3.gpx */,
				A15A0A0C1DE5FA3800521CF1 /* nl-gym4-1.gpx */,
				A15A0A0D1DE5FA3800521CF1 /* nl-gym4-2.gpx */,
				A15A0A0E1DE5FA3800521CF1 /* nl-gym4.gpx */,
				A15A0A0F1DE5FA3800521CF1 /* nl-gym5.gpx */,
				A15A0A101DE5FA3800521CF1 /* nl-gym6.gpx */,
				A15A0A111DE5FA3800521CF1 /* nl-gymf-1.gpx */,
				A15A0A121DE5FA3800521CF1 /* nl-gymf.gpx */,
				A15A0A041DE5E42F00521CF1 /* nanliao.fast2.gpx */,
				A15A09D51DE5E24B00521CF1 /* PokemonGoGPS */,
				A15A09EA1DE5E24B00521CF1 /* PokemonGoGPSTests */,
				A15A09F51DE5E24B00521CF1 /* PokemonGoGPSUITests */,
				A15A09D41DE5E24B00521CF1 /* Products */,
			);
			sourceTree = "<group>";
		};
		A15A09D41DE5E24B00521CF1 /* Products */ = {
			isa = PBXGroup;
			children = (
				A15A09D31DE5E24B00521CF1 /* PokemonGoGPS.app */,
				A15A09E71DE5E24B00521CF1 /* PokemonGoGPSTests.xctest */,
				A15A09F21DE5E24B00521CF1 /* PokemonGoGPSUITests.xctest */,
			);
			name = Products;
			sourceTree = "<group>";
		};
		A15A09D51DE5E24B00521CF1 /* PokemonGoGPS */ = {
			isa = PBXGroup;
			children = (
				A15A09D61DE5E24B00521CF1 /* AppDelegate.swift */,
				A15A09D81DE5E24B00521CF1 /* ViewController.swift */,
				A15A09DA1DE5E24B00521CF1 /* Main.storyboard */,
				A15A09DD1DE5E24B00521CF1 /* Assets.xcassets */,
				A15A09DF1DE5E24B00521CF1 /* LaunchScreen.storyboard */,
				A15A09E21DE5E24B00521CF1 /* Info.plist */,
			);
			path = PokemonGoGPS;
			sourceTree = "<group>";
		};
		A15A09EA1DE5E24B00521CF1 /* PokemonGoGPSTests */ = {
			isa = PBXGroup;
			children = (
				A15A09EB1DE5E24B00521CF1 /* PokemonGoGPSTests.swift */,
				A15A09ED1DE5E24B00521CF1 /* Info.plist */,
			);
			path = PokemonGoGPSTests;
			sourceTree = "<group>";
		};
		A15A09F51DE5E24B00521CF1 /* PokemonGoGPSUITests */ = {
			isa = PBXGroup;
			children = (
				A15A09F61DE5E24B00521CF1 /* PokemonGoGPSUITests.swift */,
				A15A09F81DE5E24B00521CF1 /* Info.plist */,
			);
			path = PokemonGoGPSUITests;
			sourceTree = "<group>";
		};
/* End PBXGroup section */

/* Begin PBXNativeTarget section */
		A15A09D21DE5E24B00521CF1 /* PokemonGoGPS */ = {
			isa = PBXNativeTarget;
			buildConfigurationList = A15A09FB1DE5E24B00521CF1 /* Build configuration list for PBXNativeTarget "PokemonGoGPS" */;
			buildPhases = (
				A15A09CF1DE5E24B00521CF1 /* Sources */,
				A15A09D01DE5E24B00521CF1 /* Frameworks */,
				A15A09D11DE5E24B00521CF1 /* Resources */,
			);
			buildRules = (
			);
			dependencies = (
			);
			name = PokemonGoGPS;
			productName = PokemonGoGPS;
			productReference = A15A09D31DE5E24B00521CF1 /* PokemonGoGPS.app */;
			productType = "com.apple.product-type.application";
		};
		A15A09E61DE5E24B00521CF1 /* PokemonGoGPSTests */ = {
			isa = PBXNativeTarget;
			buildConfigurationList = A15A09FE1DE5E24B00521CF1 /* Build configuration list for PBXNativeTarget "PokemonGoGPSTests" */;
			buildPhases = (
				A15A09E31DE5E24B00521CF1 /* Sources */,
				A15A09E41DE5E24B00521CF1 /* Frameworks */,
				A15A09E51DE5E24B00521CF1 /* Resources */,
			);
			buildRules = (
			);
			dependencies = (
				A15A09E91DE5E24B00521CF1 /* PBXTargetDependency */,
			);
			name = PokemonGoGPSTests;
			productName = PokemonGoGPSTests;
			productReference = A15A09E71DE5E24B00521CF1 /* PokemonGoGPSTests.xctest */;
			productType = "com.apple.product-type.bundle.unit-test";
		};
		A15A09F11DE5E24B00521CF1 /* PokemonGoGPSUITests */ = {
			isa = PBXNativeTarget;
			buildConfigurationList = A15A0A011DE5E24B00521CF1 /* Build configuration list for PBXNativeTarget "PokemonGoGPSUITests" */;
			buildPhases = (
				A15A09EE1DE5E24B00521CF1 /* Sources */,
				A15A09EF1DE5E24B00521CF1 /* Frameworks */,
				A15A09F01DE5E24B00521CF1 /* Resources */,
			);
			buildRules = (
			);
			dependencies = (
				A15A09F41DE5E24B00521CF1 /* PBXTargetDependency */,
			);
			name = PokemonGoGPSUITests;
			productName = PokemonGoGPSUITests;
			productReference = A15A09F21DE5E24B00521CF1 /* PokemonGoGPSUITests.xctest */;
			productType = "com.apple.product-type.bundle.ui-testing";
		};
/* End PBXNativeTarget section */

/* Begin PBXProject section */
		A15A09CB1DE5E24B00521CF1 /* Project object */ = {
			isa = PBXProject;
			attributes = {
				LastSwiftUpdateCheck = 0810;
				LastUpgradeCheck = 0830;
				ORGANIZATIONNAME = Skiff;
				TargetAttributes = {
					A15A09D21DE5E24B00521CF1 = {
						CreatedOnToolsVersion = 8.1;
						DevelopmentTeam = 68VEJ39TC4;
						ProvisioningStyle = Automatic;
					};
					A15A09E61DE5E24B00521CF1 = {
						CreatedOnToolsVersion = 8.1;
						DevelopmentTeam = 68VEJ39TC4;
						ProvisioningStyle = Automatic;
						TestTargetID = A15A09D21DE5E24B00521CF1;
					};
					A15A09F11DE5E24B00521CF1 = {
						CreatedOnToolsVersion = 8.1;
						DevelopmentTeam = 68VEJ39TC4;
						ProvisioningStyle = Automatic;
						TestTargetID = A15A09D21DE5E24B00521CF1;
					};
				};
			};
			buildConfigurationList = A15A09CE1DE5E24B00521CF1 /* Build configuration list for PBXProject "PokemonGoGPS" */;
			compatibilityVersion = "Xcode 3.2";
			developmentRegion = English;
			hasScannedForEncodings = 0;
			knownRegions = (
				en,
				Base,
			);
			mainGroup = A15A09CA1DE5E24B00521CF1;
			productRefGroup = A15A09D41DE5E24B00521CF1 /* Products */;
			projectDirPath = "";
			projectRoot = "";
			targets = (
				A15A09D21DE5E24B00521CF1 /* PokemonGoGPS */,
				A15A09E61DE5E24B00521CF1 /* PokemonGoGPSTests */,
				A15A09F11DE5E24B00521CF1 /* PokemonGoGPSUITests */,
			);
		};
/* End PBXProject section */

/* Begin PBXResourcesBuildPhase section */
		A15A09D11DE5E24B00521CF1 /* Resources */ = {
			isa = PBXResourcesBuildPhase;
			buildActionMask = 2147483647;
			files = (
				A15A0A221DE73C6500521CF1 /* gps.gpx in Resources */,
				A15A09E11DE5E24B00521CF1 /* LaunchScreen.storyboard in Resources */,
				A15A0A1D1DE5FA3800521CF1 /* nl-gym6.gpx in Resources */,
				A15A0A1E1DE5FA3800521CF1 /* nl-gymf-1.gpx in Resources */,
				A15A0A141DE5FA3800521CF1 /* nl-gym1.gpx in Resources */,
				A15A0A151DE5FA3800521CF1 /* nl-gym2-1.gpx in Resources */,
				A15A0A1B1DE5FA3800521CF1 /* nl-gym4.gpx in Resources */,
				A15A0A171DE5FA3800521CF1 /* nl-gym3-1.gpx in Resources */,
				A15A0A231DE73C6500521CF1 /* scan.gpx in Resources */,
				A15A09DE1DE5E24B00521CF1 /* Assets.xcassets in Resources */,
				A15A0A1F1DE5FA3800521CF1 /* nl-gymf.gpx in Resources */,
				A15A0A131DE5FA3800521CF1 /* nl-gym0.gpx in Resources */,
				A15A0A1C1DE5FA3800521CF1 /* nl-gym5.gpx in Resources */,
				A15A0A051DE5E42F00521CF1 /* nanliao.fast2.gpx in Resources */,
				A15A0A161DE5FA3800521CF1 /* nl-gym2.gpx in Resources */,
				A15A09DC1DE5E24B00521CF1 /* Main.storyboard in Resources */,
				A1E0E2CE1F0AA8170074C966 /* move.gpx in Resources */,
				A1E0E2D01F1256010074C966 /* chubei.gpx in Resources */,
				A15A0A1A1DE5FA3800521CF1 /* nl-gym4-2.gpx in Resources */,
				A15A0A181DE5FA3800521CF1 /* nl-gym3.gpx in Resources */,
				A15A0A191DE5FA3800521CF1 /* nl-gym4-1.gpx in Resources */,
			);
			runOnlyForDeploymentPostprocessing = 0;
		};
		A15A09E51DE5E24B00521CF1 /* Resources */ = {
			isa = PBXResourcesBuildPhase;
			buildActionMask = 2147483647;
			files = (
			);
			runOnlyForDeploymentPostprocessing = 0;
		};
		A15A09F01DE5E24B00521CF1 /* Resources */ = {
			isa = PBXResourcesBuildPhase;
			buildActionMask = 2147483647;
			files = (
			);
			runOnlyForDeploymentPostprocessing = 0;
		};
/* End PBXResourcesBuildPhase section */

/* Begin PBXSourcesBuildPhase section */
		A15A09CF1DE5E24B00521CF1 /* Sources */ = {
			isa = PBXSourcesBuildPhase;
			buildActionMask = 2147483647;
			files = (
				A15A09D91DE5E24B00521CF1 /* ViewController.swift in Sources */,
				A15A09D71DE5E24B00521CF1 /* AppDelegate.swift in Sources */,
			);
			runOnlyForDeploymentPostprocessing = 0;
		};
		A15A09E31DE5E24B00521CF1 /* Sources */ = {
			isa = PBXSourcesBuildPhase;
			buildActionMask = 2147483647;
			files = (
				A15A09EC1DE5E24B00521CF1 /* PokemonGoGPSTests.swift in Sources */,
			);
			runOnlyForDeploymentPostprocessing = 0;
		};
		A15A09EE1DE5E24B00521CF1 /* Sources */ = {
			isa = PBXSourcesBuildPhase;
			buildActionMask = 2147483647;
			files = (
				A15A09F71DE5E24B00521CF1 /* PokemonGoGPSUITests.swift in Sources */,
			);
			runOnlyForDeploymentPostprocessing = 0;
		};
/* End PBXSourcesBuildPhase section */

/* Begin PBXTargetDependency section */
		A15A09E91DE5E24B00521CF1 /* PBXTargetDependency */ = {
			isa = PBXTargetDependency;
			target = A15A09D21DE5E24B00521CF1 /* PokemonGoGPS */;
			targetProxy = A15A09E81DE5E24B00521CF1 /* PBXContainerItemProxy */;
		};
		A15A09F41DE5E24B00521CF1 /* PBXTargetDependency */ = {
			isa = PBXTargetDependency;
			target = A15A09D21DE5E24B00521CF1 /* PokemonGoGPS */;
			targetProxy = A15A09F31DE5E24B00521CF1 /* PBXContainerItemProxy */;
		};
/* End PBXTargetDependency section */

/* Begin PBXVariantGroup section */
		A15A09DA1DE5E24B00521CF1 /* Main.storyboard */ = {
			isa = PBXVariantGroup;
			children = (
				A15A09DB1DE5E24B00521CF1 /* Base */,
			);
			name = Main.storyboard;
			sourceTree = "<group>";
		};
		A15A09DF1DE5E24B00521CF1 /* LaunchScreen.storyboard */ = {
			isa = PBXVariantGroup;
			children = (
				A15A09E01DE5E24B00521CF1 /* Base */,
			);
			name = LaunchScreen.storyboard;
			sourceTree = "<group>";
		};
/* End PBXVariantGroup section */

/* Begin XCBuildConfiguration section */
		A15A09F91DE5E24B00521CF1 /* Debug */ = {
			isa = XCBuildConfiguration;
			buildSettings = {
				ALWAYS_SEARCH_USER_PATHS = NO;
				CLANG_ANALYZER_NONNULL = YES;
				CLANG_CXX_LANGUAGE_STANDARD = "gnu++0x";
				CLANG_CXX_LIBRARY = "libc++";
				CLANG_ENABLE_MODULES = YES;
				CLANG_ENABLE_OBJC_ARC = YES;
				CLANG_WARN_BOOL_CONVERSION = YES;
				CLANG_WARN_CONSTANT_CONVERSION = YES;
				CLANG_WARN_DIRECT_OBJC_ISA_USAGE = YES_ERROR;
				CLANG_WARN_DOCUMENTATION_COMMENTS = YES;
				CLANG_WARN_EMPTY_BODY = YES;
				CLANG_WARN_ENUM_CONVERSION = YES;
				CLANG_WARN_INFINITE_RECURSION = YES;
				CLANG_WARN_INT_CONVERSION = YES;
				CLANG_WARN_OBJC_ROOT_CLASS = YES_ERROR;
				CLANG_WARN_SUSPICIOUS_MOVE = YES;
				CLANG_WARN_SUSPICIOUS_MOVES = YES;
				CLANG_WARN_UNREACHABLE_CODE = YES;
				CLANG_WARN__DUPLICATE_METHOD_MATCH = YES;
				"CODE_SIGN_IDENTITY[sdk=iphoneos*]" = "iPhone Developer";
				COPY_PHASE_STRIP = NO;
				DEBUG_INFORMATION_FORMAT = dwarf;
				ENABLE_STRICT_OBJC_MSGSEND = YES;
				ENABLE_TESTABILITY = YES;
				GCC_C_LANGUAGE_STANDARD = gnu99;
				GCC_DYNAMIC_NO_PIC = NO;
				GCC_NO_COMMON_BLOCKS = YES;
				GCC_OPTIMIZATION_LEVEL = 0;
				GCC_PREPROCESSOR_DEFINITIONS = (
					"DEBUG=1",
					"$(inherited)",
				);
				GCC_WARN_64_TO_32_BIT_CONVERSION = YES;
				GCC_WARN_ABOUT_RETURN_TYPE = YES_ERROR;
				GCC_WARN_UNDECLARED_SELECTOR = YES;
				GCC_WARN_UNINITIALIZED_AUTOS = YES_AGGRESSIVE;
				GCC_WARN_UNUSED_FUNCTION = YES;
				GCC_WARN_UNUSED_VARIABLE = YES;
				IPHONEOS_DEPLOYMENT_TARGET = 10.3;
				MTL_ENABLE_DEBUG_INFO = YES;
				ONLY_ACTIVE_ARCH = YES;
				SDKROOT = iphoneos;
				SWIFT_ACTIVE_COMPILATION_CONDITIONS = DEBUG;
				SWIFT_OPTIMIZATION_LEVEL = "-Onone";
				TARGETED_DEVICE_FAMILY = "1,2";
			};
			name = Debug;
		};
		A15A09FA1DE5E24B00521CF1 /* Release */ = {
			isa = XCBuildConfiguration;
			buildSettings = {
				ALWAYS_SEARCH_USER_PATHS = NO;
				CLANG_ANALYZER_NONNULL = YES;
				CLANG_CXX_LANGUAGE_STANDARD = "gnu++0x";
				CLANG_CXX_LIBRARY = "libc++";
				CLANG_ENABLE_MODULES = YES;
				CLANG_ENABLE_OBJC_ARC = YES;
				CLANG_WARN_BOOL_CONVERSION = YES;
				CLANG_WARN_CONSTANT_CONVERSION = YES;
				CLANG_WARN_DIRECT_OBJC_ISA_USAGE = YES_ERROR;
				CLANG_WARN_DOCUMENTATION_COMMENTS = YES;
				CLANG_WARN_EMPTY_BODY = YES;
				CLANG_WARN_ENUM_CONVERSION = YES;
				CLANG_WARN_INFINITE_RECURSION = YES;
				CLANG_WARN_INT_CONVERSION = YES;
				CLANG_WARN_OBJC_ROOT_CLASS = YES_ERROR;
				CLANG_WARN_SUSPICIOUS_MOVE = YES;
				CLANG_WARN_SUSPICIOUS_MOVES = YES;
				CLANG_WARN_UNREACHABLE_CODE = YES;
				CLANG_WARN__DUPLICATE_METHOD_MATCH = YES;
				"CODE_SIGN_IDENTITY[sdk=iphoneos*]" = "iPhone Developer";
				COPY_PHASE_STRIP = NO;
				DEBUG_INFORMATION_FORMAT = "dwarf-with-dsym";
				ENABLE_NS_ASSERTIONS = NO;
				ENABLE_STRICT_OBJC_MSGSEND = YES;
				GCC_C_LANGUAGE_STANDARD = gnu99;
				GCC_NO_COMMON_BLOCKS = YES;
				GCC_WARN_64_TO_32_BIT_CONVERSION = YES;
				GCC_WARN_ABOUT_RETURN_TYPE = YES_ERROR;
				GCC_WARN_UNDECLARED_SELECTOR = YES;
				GCC_WARN_UNINITIALIZED_AUTOS = YES_AGGRESSIVE;
				GCC_WARN_UNUSED_FUNCTION = YES;
				GCC_WARN_UNUSED_VARIABLE = YES;
				IPHONEOS_DEPLOYMENT_TARGET = 10.3;
				MTL_ENABLE_DEBUG_INFO = NO;
				SDKROOT = iphoneos;
				SWIFT_OPTIMIZATION_LEVEL = "-Owholemodule";
				TARGETED_DEVICE_FAMILY = "1,2";
				VALIDATE_PRODUCT = YES;
			};
			name = Release;
		};
		A15A09FC1DE5E24B00521CF1 /* Debug */ = {
			isa = XCBuildConfiguration;
			buildSettings = {
				ASSETCATALOG_COMPILER_APPICON_NAME = AppIcon;
				DEVELOPMENT_TEAM = 68VEJ39TC4;
				INFOPLIST_FILE = PokemonGoGPS/Info.plist;
				IPHONEOS_DEPLOYMENT_TARGET = 9.3;
				LD_RUNPATH_SEARCH_PATHS = "$(inherited) @executable_path/Frameworks";
				PRODUCT_BUNDLE_IDENTIFIER = "Skiff-Studio.PokemonGoGPS";
				PRODUCT_NAME = "$(TARGET_NAME)";
				SWIFT_VERSION = 3.0;
			};
			name = Debug;
		};
		A15A09FD1DE5E24B00521CF1 /* Release */ = {
			isa = XCBuildConfiguration;
			buildSettings = {
				ASSETCATALOG_COMPILER_APPICON_NAME = AppIcon;
				DEVELOPMENT_TEAM = 68VEJ39TC4;
				INFOPLIST_FILE = PokemonGoGPS/Info.plist;
				IPHONEOS_DEPLOYMENT_TARGET = 9.3;
				LD_RUNPATH_SEARCH_PATHS = "$(inherited) @executable_path/Frameworks";
				PRODUCT_BUNDLE_IDENTIFIER = "Skiff-Studio.PokemonGoGPS";
				PRODUCT_NAME = "$(TARGET_NAME)";
				SWIFT_VERSION = 3.0;
			};
			name = Release;
		};
		A15A09FF1DE5E24B00521CF1 /* Debug */ = {
			isa = XCBuildConfiguration;
			buildSettings = {
				ALWAYS_EMBED_SWIFT_STANDARD_LIBRARIES = YES;
				BUNDLE_LOADER = "$(TEST_HOST)";
				DEVELOPMENT_TEAM = 68VEJ39TC4;
				INFOPLIST_FILE = PokemonGoGPSTests/Info.plist;
				LD_RUNPATH_SEARCH_PATHS = "$(inherited) @executable_path/Frameworks @loader_path/Frameworks";
				PRODUCT_BUNDLE_IDENTIFIER = "Skiff-Studio.PokemonGoGPSTests";
				PRODUCT_NAME = "$(TARGET_NAME)";
				SWIFT_VERSION = 3.0;
				TEST_HOST = "$(BUILT_PRODUCTS_DIR)/PokemonGoGPS.app/PokemonGoGPS";
			};
			name = Debug;
		};
		A15A0A001DE5E24B00521CF1 /* Release */ = {
			isa = XCBuildConfiguration;
			buildSettings = {
				ALWAYS_EMBED_SWIFT_STANDARD_LIBRARIES = YES;
				BUNDLE_LOADER = "$(TEST_HOST)";
				DEVELOPMENT_TEAM = 68VEJ39TC4;
				INFOPLIST_FILE = PokemonGoGPSTests/Info.plist;
				LD_RUNPATH_SEARCH_PATHS = "$(inherited) @executable_path/Frameworks @loader_path/Frameworks";
				PRODUCT_BUNDLE_IDENTIFIER = "Skiff-Studio.PokemonGoGPSTests";
				PRODUCT_NAME = "$(TARGET_NAME)";
				SWIFT_VERSION = 3.0;
				TEST_HOST = "$(BUILT_PRODUCTS_DIR)/PokemonGoGPS.app/PokemonGoGPS";
			};
			name = Release;
		};
		A15A0A021DE5E24B00521CF1 /* Debug */ = {
			isa = XCBuildConfiguration;
			buildSettings = {
				ALWAYS_EMBED_SWIFT_STANDARD_LIBRARIES = YES;
				DEVELOPMENT_TEAM = 68VEJ39TC4;
				INFOPLIST_FILE = PokemonGoGPSUITests/Info.plist;
				LD_RUNPATH_SEARCH_PATHS = "$(inherited) @executable_path/Frameworks @loader_path/Frameworks";
				PRODUCT_BUNDLE_IDENTIFIER = "Skiff-Studio.PokemonGoGPSUITests";
				PRODUCT_NAME = "$(TARGET_NAME)";
				SWIFT_VERSION = 3.0;
				TEST_TARGET_NAME = PokemonGoGPS;
			};
			name = Debug;
		};
		A15A0A031DE5E24B00521CF1 /* Release */ = {
			isa = XCBuildConfiguration;
			buildSettings = {
				ALWAYS_EMBED_SWIFT_STANDARD_LIBRARIES = YES;
				DEVELOPMENT_TEAM = 68VEJ39TC4;
				INFOPLIST_FILE = PokemonGoGPSUITests/Info.plist;
				LD_RUNPATH_SEARCH_PATHS = "$(inherited) @executable_path/Frameworks @loader_path/Frameworks";
				PRODUCT_BUNDLE_IDENTIFIER = "Skiff-Studio.PokemonGoGPSUITests";
				PRODUCT_NAME = "$(TARGET_NAME)";
				SWIFT_VERSION = 3.0;
				TEST_TARGET_NAME = PokemonGoGPS;
			};
			name = Release;
		};
/* End XCBuildConfiguration section */

/* Begin XCConfigurationList section */
		A15A09CE1DE5E24B00521CF1 /* Build configuration list for PBXProject "PokemonGoGPS" */ = {
			isa = XCConfigurationList;
			buildConfigurations = (
				A15A09F91DE5E24B00521CF1 /* Debug */,
				A15A09FA1DE5E24B00521CF1 /* Release */,
			);
			defaultConfigurationIsVisible = 0;
			defaultConfigurationName = Release;
		};
		A15A09FB1DE5E24B00521CF1 /* Build configuration list for PBXNativeTarget "PokemonGoGPS" */ = {
			isa = XCConfigurationList;
			buildConfigurations = (
				A15A09FC1DE5E24B00521CF1 /* Debug */,
				A15A09FD1DE5E24B00521CF1 /* Release */,
			);
			defaultConfigurationIsVisible = 0;
			defaultConfigurationName = Release;
		};
		A15A09FE1DE5E24B00521CF1 /* Build configuration list for PBXNativeTarget "PokemonGoGPSTests" */ = {
			isa = XCConfigurationList;
			buildConfigurations = (
				A15A09FF1DE5E24B00521CF1 /* Debug */,
				A15A0A001DE5E24B00521CF1 /* Release */,
			);
			defaultConfigurationIsVisible = 0;
			defaultConfigurationName = Release;
		};
		A15A0A011DE5E24B00521CF1 /* Build configuration list for PBXNativeTarget "PokemonGoGPSUITests" */ = {
			isa = XCConfigurationList;
			buildConfigurations = (
				A15A0A021DE5E24B00521CF1 /* Debug */,
				A15A0A031DE5E24B00521CF1 /* Release */,
			);
			defaultConfigurationIsVisible = 0;
			defaultConfigurationName = Release;
		};
/* End XCConfigurationList section */
	};
	rootObject = A15A09CB1DE5E24B00521CF1 /* Project object */;
}
